speakeasyVersion: 1.800.1
sources:
    easyapi:
        sourceNamespace: easyapi
        sourceRevisionDigest: sha256:0d541ca39151e3c2d2397d54191fdcd12c4b3ef3916ce6bf5f7bd5dba96ac54b
        sourceBlobDigest: sha256:72c0c6bc6b96cc00fa42efd4e18b1ca1d414e18dfaa0c0f8080768426c58e4cb
        tags:
            - latest
            - 1.0.0
targets:
    sdk:
        source: easyapi
        sourceNamespace: easyapi
        sourceRevisionDigest: sha256:0d541ca39151e3c2d2397d54191fdcd12c4b3ef3916ce6bf5f7bd5dba96ac54b
        sourceBlobDigest: sha256:72c0c6bc6b96cc00fa42efd4e18b1ca1d414e18dfaa0c0f8080768426c58e4cb
workflow:
    workflowVersion: 1.0.0
    speakeasyVersion: 1.800.1
    sources:
        easyapi:
            inputs:
                - location: ./openapi/openapi.json
            overlays:
                - location: ./openapi/overlay.yaml
            registry:
                location: registry.speakeasyapi.dev/digitap/easyapi/easyapi
    targets:
        sdk:
            target: typescript
            source: easyapi
